
Microsoft Visual Studio Solution File, Format Version 12.00
# Visual Studio Version 17
VisualStudioVersion = 17.3.32825.248
MinimumVisualStudioVersion = 10.0.40219.1
Project("{FAE04EC0-301F-11D3-BF4B-00C04F79EFBC}") = "Desvs2blu.exercício_revisão", "Desvs2blu.exercício_revisão.csproj", "{11E5841C-4C42-4826-8159-EE63521C685E}"
EndProject
Project("{FAE04EC0-301F-11D3-BF4B-00C04F79EFBC}") = "Desv2blu.formularios", "..\..\Formularios\Desv2blu.formularios\Desv2blu.formularios.csproj", "{BF17603C-81EB-47CE-AC54-844D44F3CC7D}"
EndProject
Global
	GlobalSection(SolutionConfigurationPlatforms) = preSolution
		Debug|Any CPU = Debug|Any CPU
		Release|Any CPU = Release|Any CPU
	EndGlobalSection
	GlobalSection(ProjectConfigurationPlatforms) = postSolution
		{11E5841C-4C42-4826-8159-EE63521C685E}.Debug|Any CPU.ActiveCfg = Debug|Any CPU
		{11E5841C-4C42-4826-8159-EE63521C685E}.Debug|Any CPU.Build.0 = Debug|Any CPU
		{11E5841C-4C42-4826-8159-EE63521C685E}.Release|Any CPU.ActiveCfg = Release|Any CPU
		{11E5841C-4C42-4826-8159-EE63521C685E}.Release|Any CPU.Build.0 = Release|Any CPU
		{BF17603C-81EB-47CE-AC54-844D44F3CC7D}.Debug|Any CPU.ActiveCfg = Debug|Any CPU
		{BF17603C-81EB-47CE-AC54-844D44F3CC7D}.Debug|Any CPU.Build.0 = Debug|Any CPU
		{BF17603C-81EB-47CE-AC54-844D44F3CC7D}.Release|Any CPU.ActiveCfg = Release|Any CPU
		{BF17603C-81EB-47CE-AC54-844D44F3CC7D}.Release|Any CPU.Build.0 = Release|Any CPU
	EndGlobalSection
	GlobalSection(SolutionProperties) = preSolution
		HideSolutionNode = FALSE
	EndGlobalSection
	GlobalSection(ExtensibilityGlobals) = postSolution
		SolutionGuid = {DBFF9255-984D-469B-B681-F302E774CEC3}
	EndGlobalSection
EndGlobal
